{
	"name": "gba-dev",
	"version": "0.3.0",
	"lockfileVersion": 1,
	"requires": true,
	"dependencies": {
		"ts2c": {
			"version": "2.2.6",
			"resolved": "https://registry.npmjs.org/ts2c/-/ts2c-2.2.6.tgz",
			"integrity": "sha512-rojBe6/2KZ+DDKKtybLrRx8EWkD/WqHQd8w4SJh85UmOY563tVb7QBDeAhMIQ1DFdzUjDTKX16eX2QIYY+Obmg==",
			"dev": true,
			"requires": {
				"typescript": "2.8.3"
			}
		},
		"typescript": {
			"version": "2.8.3",
			"resolved": "https://registry.npmjs.org/typescript/-/typescript-2.8.3.tgz",
			"integrity": "sha512-K7g15Bb6Ra4lKf7Iq2l/I5/En+hLIHmxWZGq3D4DIRNFxMNV6j2SHSvDOqs2tGd4UvD/fJvrwopzQXjLrT7Itw==",
			"dev": true
		}
	}
}
